{
  "name": "electron-react-boilerplate",
<<<<<<< HEAD
  "version": "4.4.0",
  "lockfileVersion": 1
=======
  "version": "4.5.0",
  "lockfileVersion": 2,
  "requires": true,
  "packages": {
    "": {
      "name": "electron-react-boilerplate",
      "version": "4.5.0",
      "hasInstallScript": true,
      "license": "MIT"
    }
  }
>>>>>>> 01c8409b4fa50600aa59f796149531a911f0bc5e
}
